# This file is autogenerated, do not edit; changes may be undone by the next 'dep ensure'.


[[projects]]
  name = "github.com/gorilla/rpc"
  packages = [".","json"]
  revision = "22c016f3df3febe0c1f6727598b6389507e03a18"
  version = "v1.1.0"

[solve-meta]
  analyzer-name = "dep"
  analyzer-version = 1
  inputs-digest = "34b85af07dc34fd4259d513d414eef3b96f26789e091f46983243314a8c334f2"
  solver-name = "gps-cdcl"
  solver-version = 1
