# This file is autogenerated, do not edit; changes may be undone by the next 'dep ensure'.


[[projects]]
  branch = "master"
  name = "github.com/armon/go-metrics"
  packages = ["."]
  revision = "f036747b9d0e8590f175a5d654a2194a7d9df4b5"

[[projects]]
  name = "github.com/boltdb/bolt"
  packages = ["."]
  revision = "583e8937c61f1af6513608ccc75c97b6abdf4ff9"
  version = "v1.3.0"

[[projects]]
  branch = "master"
  name = "github.com/hashicorp/go-msgpack"
  packages = ["codec"]
  revision = "fa3f63826f7c23912c15263591e65d54d080b458"

[[projects]]
  branch = "master"
  name = "github.com/hashicorp/raft"
  packages = ["."]
  revision = "b3d48f1a4e569bc4d4e456e8930e35b1aa996ea7"

[[projects]]
  branch = "master"
  name = "github.com/hashicorp/raft-boltdb"
  packages = ["."]
  revision = "df631556b57507bd5d0ed4f87468fd93ab025bef"

[[projects]]
  branch = "master"
  name = "golang.org/x/sys"
  packages = ["unix"]
  revision = "abf9c25f54453410d0c6668e519582a9e1115027"

[solve-meta]
  analyzer-name = "dep"
  analyzer-version = 1
  inputs-digest = "b508d9c3072a226d217d559969d4ca797c9980cd5aabf6f905f9360859f5a9f7"
  solver-name = "gps-cdcl"
  solver-version = 1
